{
  "version": 4,
  "terraform_version": "1.3.9",
  "serial": 4,
  "lineage": "066cee9c-caea-98d8-66a7-463e9a988d3f",
  "outputs": {},
  "resources": [
    {
      "mode": "managed",
      "type": "google_container_cluster",
      "name": "dc1",
      "provider": "provider[\"registry.terraform.io/hashicorp/google\"]",
      "instances": [
        {
          "schema_version": 1,
          "attributes": {
            "addons_config": [
              {
                "cloudrun_config": [],
                "config_connector_config": [],
                "dns_cache_config": [],
                "gce_persistent_disk_csi_driver_config": [
                  {
                    "enabled": true
                  }
                ],
                "gcp_filestore_csi_driver_config": [],
                "gke_backup_agent_config": [],
                "horizontal_pod_autoscaling": [],
                "http_load_balancing": [],
                "network_policy_config": [
                  {
                    "disabled": true
                  }
                ]
              }
            ],
            "authenticator_groups_config": [],
            "binary_authorization": [
              {
                "enabled": false,
                "evaluation_mode": ""
              }
            ],
            "cluster_autoscaling": [
              {
                "auto_provisioning_defaults": [],
                "enabled": false,
                "resource_limits": []
              }
            ],
            "cluster_ipv4_cidr": "10.32.0.0/14",
            "confidential_nodes": [],
            "cost_management_config": [],
            "database_encryption": [
              {
                "key_name": "",
                "state": "DECRYPTED"
              }
            ],
            "datapath_provider": "",
            "default_max_pods_per_node": null,
            "default_snat_status": [
              {
                "disabled": false
              }
            ],
            "description": "",
            "dns_config": [],
            "enable_autopilot": false,
            "enable_binary_authorization": false,
            "enable_intranode_visibility": false,
            "enable_kubernetes_alpha": false,
            "enable_l4_ilb_subsetting": false,
            "enable_legacy_abac": false,
            "enable_shielded_nodes": true,
            "enable_tpu": false,
            "endpoint": "34.168.232.213",
            "gateway_api_config": [],
            "id": "projects/hc-c289705627db4b348aa05ca79ad/locations/us-west1-b/clusters/consul-peering-gke-cjrafjn1",
            "initial_node_count": 3,
            "ip_allocation_policy": [],
            "label_fingerprint": "a9dc16a7",
            "location": "us-west1-b",
            "logging_config": [
              {
                "enable_components": [
                  "SYSTEM_COMPONENTS",
                  "WORKLOADS"
                ]
              }
            ],
            "logging_service": "logging.googleapis.com/kubernetes",
            "maintenance_policy": [],
            "master_auth": [
              {
                "client_certificate": "",
                "client_certificate_config": [
                  {
                    "issue_client_certificate": false
                  }
                ],
                "client_key": "",
                "cluster_ca_certificate": "LS0tLS1CRUdJTiBDRVJUSUZJQ0FURS0tLS0tCk1JSUVMVENDQXBXZ0F3SUJBZ0lSQU4vZXNXaUMveHJ6Qm14c0lrS2Vpb2N3RFFZSktvWklodmNOQVFFTEJRQXcKTHpFdE1Dc0dBMVVFQXhNa1ptSm1OekJpT0dVdE5HVTRNaTAwWW1WaExUaG1NV1l0TjJNNE9UbGpaVFZqT0RKagpNQ0FYRFRJek1ESXhOekUzTkRrek5Gb1lEekl3TlRNd01qQTVNVGcwT1RNMFdqQXZNUzB3S3dZRFZRUURFeVJtClltWTNNR0k0WlMwMFpUZ3lMVFJpWldFdE9HWXhaaTAzWXpnNU9XTmxOV000TW1Nd2dnR2lNQTBHQ1NxR1NJYjMKRFFFQkFRVUFBNElCandBd2dnR0tBb0lCZ1FEQmYyaEk4ZGx3b3REc05xWXN6SENDd09nZnZYWEdOVWxoZnVQWAo1UGpMdXR6bit4c0h0amlTc1d0ZEg2RU50QWxldXJxcjBtaDRoNXlxODdWRE81K2czaDkvUVhSMlk0NkljUlV0Ck0rZ0ZUMmFmZDZRK0V5VlZZUHZXSGpWL1RiZkZGVnl3M0tjdnNTWFBXdVczWTJXelJvR3RCU2ZtOHg2akVRMUMKb2dud25YbDlRcHFMUStYbXVaZ1pZcmFZN3BERXNRZnNVVzZPNFpHZUIrQWZVQTlqNThSMkhpL29WVVBDS2tQZgorQ1JaVXJOWEtpWThlUW9YYkJkZzdRcUV0WEVoelg3RmNoV0dLV003cmRSYzkwT0s3Q1BsK04veHpWTWhUR01nCnJaVDQyTzJMYmtkVnJhMXplclNWQkNVS3JQaDFzK1NFQ2hqMm4rbTZmbE1RZU1TaVpnVDZIendLd3BkMzBLM2UKYmVvZnJJazFORk4yU25GV2kxR2hxcklLZnhVSUhWelN0cGJsQ2Vubmt3bFRGcW1Yd1V1b2pLSUIya1p1cjk3SwpvbjBrR1dmQUlyN0VseEN0a2NwRk4yQXppTkhDS0N4R0liaDRLUjRIbmdTWnkxUWtWNk5XOFc4anduQmI0UTNnCm54MDhQVXFWejk5cmxYeWp3Q1o3S1owaGUwRUNBd0VBQWFOQ01FQXdEZ1lEVlIwUEFRSC9CQVFEQWdJRU1BOEcKQTFVZEV3RUIvd1FGTUFNQkFmOHdIUVlEVlIwT0JCWUVGRjFIN283M1BKZ2RjT0N5dlFtbmMyeGxrcDQvTUEwRwpDU3FHU0liM0RRRUJDd1VBQTRJQmdRQUgybGFYOGwrdURtOTgwT0l4ZnJxZ3p4a3pZNDJqa2VRMStwbFN2Y0ZWCkRMVkFmT2dBNVMrNVB4QU55L3lZUWcvSVhXQ3FiTHgvbkFrcDFXeWdGRDRtRzFyK0NST2x1QVRwVlVMOExFU2sKaTFNZFlDSVQ1UmRWdWNNVXRXdmt0WUZhSDdtKy9tUGNYUFFhbU5MSyswR2twL2dZQi9ZOGpuWVU1dUE0bTlmaApqeWFib29yVDF2UUJQRmQ3VnlFVTYyT1Q5em9uSGtubWE1VkszYVMwa0ZyQi9zVmVNamZtblZ3WHdnZ2tMZVFZCm9WdXFnbXphMFpMK1pRZ0w4d1NJdUZXcXlpYVd5L1liQVp5MU5MZFp1TjZQK1BTQ01JaGdXc2IvV3hJQUd0NmwKY2h3UjVWU2F0dEtsVVhwelBQR3VqTkZiYWVHSHZxTk9IblhjcldCNnF6a0hKU0sydFhGMkZKdU8zTmhwcGpTVQpwOE9HNkR3eXRvb0gxbnMveXA2MTgyb2hYUG8yaDBYdDNHMGgyNVBxcERnaUdEUTZiczdQWWYyVnl2OWpMUVo3CnVrM0dRZW9sdXRpVlJCdjNEZ3pMVFJ0RFBZYW1iZzgxS0NsRHBpTVQzcUhwMHZpdlIxTmVmbHJIUCtySGxOZFkKVEJmbWZCKzJ0em12SzZsN3h6U1Zybk09Ci0tLS0tRU5EIENFUlRJRklDQVRFLS0tLS0K"
              }
            ],
            "master_authorized_networks_config": [],
            "master_version": "1.24.9-gke.2000",
            "mesh_certificates": [],
            "min_master_version": null,
            "monitoring_config": [
              {
                "enable_components": [
                  "SYSTEM_COMPONENTS"
                ],
                "managed_prometheus": []
              }
            ],
            "monitoring_service": "monitoring.googleapis.com/kubernetes",
            "name": "consul-peering-gke-cjrafjn1",
            "network": "projects/hc-c289705627db4b348aa05ca79ad/global/networks/default",
            "network_policy": [
              {
                "enabled": false,
                "provider": "PROVIDER_UNSPECIFIED"
              }
            ],
            "networking_mode": "ROUTES",
            "node_config": [
              {
                "boot_disk_kms_key": "",
                "disk_size_gb": 100,
                "disk_type": "pd-balanced",
                "gcfs_config": [],
                "guest_accelerator": [],
                "gvnic": [],
                "image_type": "COS_CONTAINERD",
                "kubelet_config": [],
                "labels": {},
                "linux_node_config": [],
                "local_ssd_count": 0,
                "logging_variant": "DEFAULT",
                "machine_type": "e2-medium",
                "metadata": {
                  "disable-legacy-endpoints": "true"
                },
                "min_cpu_platform": "",
                "node_group": "",
                "oauth_scopes": [
                  "https://www.googleapis.com/auth/devstorage.read_only",
                  "https://www.googleapis.com/auth/logging.write",
                  "https://www.googleapis.com/auth/monitoring",
                  "https://www.googleapis.com/auth/service.management.readonly",
                  "https://www.googleapis.com/auth/servicecontrol",
                  "https://www.googleapis.com/auth/trace.append"
                ],
                "preemptible": false,
                "reservation_affinity": [],
                "resource_labels": {},
                "service_account": "default",
                "shielded_instance_config": [
                  {
                    "enable_integrity_monitoring": true,
                    "enable_secure_boot": false
                  }
                ],
                "spot": false,
                "tags": [],
                "taint": [],
                "workload_metadata_config": []
              }
            ],
            "node_locations": [],
            "node_pool": [
              {
                "autoscaling": [],
                "initial_node_count": 3,
                "instance_group_urls": [
                  "https://www.googleapis.com/compute/v1/projects/hc-c289705627db4b348aa05ca79ad/zones/us-west1-b/instanceGroupManagers/gke-consul-peering-gke-c-default-pool-a139e24e-grp"
                ],
                "managed_instance_group_urls": [
                  "https://www.googleapis.com/compute/v1/projects/hc-c289705627db4b348aa05ca79ad/zones/us-west1-b/instanceGroups/gke-consul-peering-gke-c-default-pool-a139e24e-grp"
                ],
                "management": [
                  {
                    "auto_repair": true,
                    "auto_upgrade": true
                  }
                ],
                "max_pods_per_node": 0,
                "name": "default-pool",
                "name_prefix": "",
                "network_config": [
                  {
                    "create_pod_range": false,
                    "enable_private_nodes": false,
                    "pod_ipv4_cidr_block": "",
                    "pod_range": ""
                  }
                ],
                "node_config": [
                  {
                    "boot_disk_kms_key": "",
                    "disk_size_gb": 100,
                    "disk_type": "pd-balanced",
                    "gcfs_config": [],
                    "guest_accelerator": [],
                    "gvnic": [],
                    "image_type": "COS_CONTAINERD",
                    "kubelet_config": [],
                    "labels": {},
                    "linux_node_config": [],
                    "local_ssd_count": 0,
                    "logging_variant": "DEFAULT",
                    "machine_type": "e2-medium",
                    "metadata": {
                      "disable-legacy-endpoints": "true"
                    },
                    "min_cpu_platform": "",
                    "node_group": "",
                    "oauth_scopes": [
                      "https://www.googleapis.com/auth/devstorage.read_only",
                      "https://www.googleapis.com/auth/logging.write",
                      "https://www.googleapis.com/auth/monitoring",
                      "https://www.googleapis.com/auth/service.management.readonly",
                      "https://www.googleapis.com/auth/servicecontrol",
                      "https://www.googleapis.com/auth/trace.append"
                    ],
                    "preemptible": false,
                    "reservation_affinity": [],
                    "resource_labels": {},
                    "service_account": "default",
                    "shielded_instance_config": [
                      {
                        "enable_integrity_monitoring": true,
                        "enable_secure_boot": false
                      }
                    ],
                    "spot": false,
                    "tags": [],
                    "taint": [],
                    "workload_metadata_config": []
                  }
                ],
                "node_count": 3,
                "node_locations": [
                  "us-west1-b"
                ],
                "placement_policy": [],
                "upgrade_settings": [
                  {
                    "blue_green_settings": [],
                    "max_surge": 1,
                    "max_unavailable": 0,
                    "strategy": "SURGE"
                  }
                ],
                "version": "1.24.9-gke.2000"
              }
            ],
            "node_pool_defaults": [
              {
                "node_config_defaults": [
                  {
                    "logging_variant": "DEFAULT"
                  }
                ]
              }
            ],
            "node_version": "1.24.9-gke.2000",
            "notification_config": [
              {
                "pubsub": [
                  {
                    "enabled": false,
                    "filter": [],
                    "topic": ""
                  }
                ]
              }
            ],
            "operation": null,
            "private_cluster_config": [
              {
                "enable_private_endpoint": false,
                "enable_private_nodes": false,
                "master_global_access_config": [
                  {
                    "enabled": false
                  }
                ],
                "master_ipv4_cidr_block": "",
                "peering_name": "",
                "private_endpoint": "10.138.0.2",
                "private_endpoint_subnetwork": "",
                "public_endpoint": "34.168.232.213"
              }
            ],
            "private_ipv6_google_access": "",
            "project": "hc-c289705627db4b348aa05ca79ad",
            "release_channel": [
              {
                "channel": "REGULAR"
              }
            ],
            "remove_default_node_pool": null,
            "resource_labels": null,
            "resource_usage_export_config": [],
            "self_link": "https://container.googleapis.com/v1/projects/hc-c289705627db4b348aa05ca79ad/zones/us-west1-b/clusters/consul-peering-gke-cjrafjn1",
            "service_external_ips_config": [
              {
                "enabled": false
              }
            ],
            "services_ipv4_cidr": "10.35.240.0/20",
            "subnetwork": "projects/hc-c289705627db4b348aa05ca79ad/regions/us-west1/subnetworks/default",
            "timeouts": null,
            "tpu_ipv4_cidr_block": "",
            "vertical_pod_autoscaling": [],
            "workload_identity_config": []
          },
          "sensitive_attributes": [],
          "private": "eyJlMmJmYjczMC1lY2FhLTExZTYtOGY4OC0zNDM2M2JjN2M0YzAiOnsiY3JlYXRlIjoyNDAwMDAwMDAwMDAwLCJkZWxldGUiOjI0MDAwMDAwMDAwMDAsInJlYWQiOjI0MDAwMDAwMDAwMDAsInVwZGF0ZSI6MzYwMDAwMDAwMDAwMH0sInNjaGVtYV92ZXJzaW9uIjoiMSJ9",
          "dependencies": [
            "google_project_service.svc",
            "random_string.suffix"
          ]
        }
      ]
    },
    {
      "mode": "managed",
      "type": "google_project_service",
      "name": "svc",
      "provider": "provider[\"registry.terraform.io/hashicorp/google\"]",
      "instances": [
        {
          "index_key": "container",
          "schema_version": 0,
          "attributes": {
            "disable_dependent_services": true,
            "disable_on_destroy": true,
            "id": "hc-c289705627db4b348aa05ca79ad/container.googleapis.com",
            "project": "hc-c289705627db4b348aa05ca79ad",
            "service": "container.googleapis.com",
            "timeouts": null
          },
          "sensitive_attributes": [],
          "private": "eyJlMmJmYjczMC1lY2FhLTExZTYtOGY4OC0zNDM2M2JjN2M0YzAiOnsiY3JlYXRlIjoxMjAwMDAwMDAwMDAwLCJkZWxldGUiOjEyMDAwMDAwMDAwMDAsInJlYWQiOjYwMDAwMDAwMDAwMCwidXBkYXRlIjoxMjAwMDAwMDAwMDAwfX0="
        }
      ]
    },
    {
      "mode": "managed",
      "type": "random_string",
      "name": "suffix",
      "provider": "provider[\"registry.terraform.io/hashicorp/random\"]",
      "instances": [
        {
          "schema_version": 2,
          "attributes": {
            "id": "cjrafjn1",
            "keepers": null,
            "length": 8,
            "lower": true,
            "min_lower": 0,
            "min_numeric": 0,
            "min_special": 0,
            "min_upper": 0,
            "number": true,
            "numeric": true,
            "override_special": null,
            "result": "cjrafjn1",
            "special": false,
            "upper": false
          },
          "sensitive_attributes": []
        }
      ]
    }
  ],
  "check_results": null
}
