{
  "version": 4,
  "terraform_version": "1.3.9",
  "serial": 4,
  "lineage": "04891c0e-7ec0-da80-c1c9-2efcd3689600",
  "outputs": {},
  "resources": [
    {
      "mode": "managed",
      "type": "google_container_cluster",
      "name": "dc1",
      "provider": "provider[\"registry.terraform.io/hashicorp/google\"]",
      "instances": [
        {
          "schema_version": 1,
          "attributes": {
            "addons_config": [
              {
                "cloudrun_config": [],
                "config_connector_config": [],
                "dns_cache_config": [],
                "gce_persistent_disk_csi_driver_config": [
                  {
                    "enabled": true
                  }
                ],
                "gcp_filestore_csi_driver_config": [],
                "gke_backup_agent_config": [],
                "horizontal_pod_autoscaling": [],
                "http_load_balancing": [],
                "network_policy_config": [
                  {
                    "disabled": true
                  }
                ]
              }
            ],
            "authenticator_groups_config": [],
            "binary_authorization": [
              {
                "enabled": false,
                "evaluation_mode": ""
              }
            ],
            "cluster_autoscaling": [
              {
                "auto_provisioning_defaults": [],
                "enabled": false,
                "resource_limits": []
              }
            ],
            "cluster_ipv4_cidr": "10.0.0.0/14",
            "confidential_nodes": [],
            "cost_management_config": [],
            "database_encryption": [
              {
                "key_name": "",
                "state": "DECRYPTED"
              }
            ],
            "datapath_provider": "",
            "default_max_pods_per_node": null,
            "default_snat_status": [
              {
                "disabled": false
              }
            ],
            "description": "",
            "dns_config": [],
            "enable_autopilot": false,
            "enable_binary_authorization": false,
            "enable_intranode_visibility": false,
            "enable_kubernetes_alpha": false,
            "enable_l4_ilb_subsetting": false,
            "enable_legacy_abac": false,
            "enable_shielded_nodes": true,
            "enable_tpu": false,
            "endpoint": "34.122.210.103",
            "gateway_api_config": [],
            "id": "projects/hc-c289705627db4b348aa05ca79ad/locations/us-central1-a/clusters/kii5tu3p-dc1",
            "initial_node_count": 3,
            "ip_allocation_policy": [],
            "label_fingerprint": "a9dc16a7",
            "location": "us-central1-a",
            "logging_config": [
              {
                "enable_components": [
                  "SYSTEM_COMPONENTS",
                  "WORKLOADS"
                ]
              }
            ],
            "logging_service": "logging.googleapis.com/kubernetes",
            "maintenance_policy": [],
            "master_auth": [
              {
                "client_certificate": "",
                "client_certificate_config": [
                  {
                    "issue_client_certificate": false
                  }
                ],
                "client_key": "",
                "cluster_ca_certificate": "LS0tLS1CRUdJTiBDRVJUSUZJQ0FURS0tLS0tCk1JSUVMRENDQXBTZ0F3SUJBZ0lRWTM4U09tTyszVXljZk1Sdks3YVVFakFOQmdrcWhraUc5dzBCQVFzRkFEQXYKTVMwd0t3WURWUVFERXlSalpEaGlZVGRtTVMwNU0yTTVMVFF4TVRRdFlqZ3pNeTB5WkdRM1pqQmpOVEl4WVdZdwpJQmNOTWpNd01qRTNNVGMwT0RNMVdoZ1BNakExTXpBeU1Ea3hPRFE0TXpWYU1DOHhMVEFyQmdOVkJBTVRKR05rCk9HSmhOMll4TFRrell6a3ROREV4TkMxaU9ETXpMVEprWkRkbU1HTTFNakZoWmpDQ0FhSXdEUVlKS29aSWh2Y04KQVFFQkJRQURnZ0dQQURDQ0FZb0NnZ0dCQUxOY29tQ1A1TXdxZEN2ZTF1Tnk4eWJPL0t4SXJEUVBXcVYrT0J0LwpBVVJxSThXOUtORzYveUVUaENOVDlIbXBqbGMxcFYxOFlzSWcyQjJ6WUd6aHB0WDcvaGdmN2pEdmZjNGRaQ0FmCmpLL2xhMkNUTWhKTGF2K0RjV1B4TUVvQnhiRHpvc2NxdTkxZm1FMDhLRS93bHo4MnlMUHlOOXhJZFU1eTFsZ1EKeXkwc3cyb3Nrcmg3VVhRbEp5ZHBkMFVuMWZUVlVRL1NycEQwcnFFbWpuVkEyWnFXaFEvSzVmQzQyQzFYTFU5QQpyRDhRcGQyQ3JoOFBJaEhNWWw5MVdpdVBWTFVPUkhtTDc4SVZjYUVWY01Mem5YYVZ3M2RITkl6eWRoeGp3aVk1CkxpU1ZqdlVpQXBBb2tkaGFTcGJXOG9SS3h6YUtxemJrdER2dW5WV3BqTmt6dUNpWVM0dEpuMlo5ZklQU1Q3MlAKYVdLZ1hHQ1dOdldlZllRRUJlQ1BVSmlOUVhLWTN6bGNIWEtsS09CVnlBOUVoQVlnWnZpaG5SNk9tTk0xVHdzOAp6eWsxbmpzOTFqSHlBMXl1dFB2dWR2bEFCNmlUalh6UTVTQWpwb05vRXZjTW9DbWdmVkRhMlUwZUdZYkc1WDBWCjBvUjNyWC8xaDdPNzRyNUhoaWl2ZFg5MDdRSURBUUFCbzBJd1FEQU9CZ05WSFE4QkFmOEVCQU1DQWdRd0R3WUQKVlIwVEFRSC9CQVV3QXdFQi96QWRCZ05WSFE0RUZnUVVtVHRDUVJWQ2R2MEVTdzZQSURIRjhyZ2V2bkF3RFFZSgpLb1pJaHZjTkFRRUxCUUFEZ2dHQkFDY1ZNMXhabXlJbXdNdWFoQU9XV295OTZQOGJOKzEwQUc5a0FFeGNFaVBECmY1ek5ocmdRZ2NobWcwbnhhMFVzVFlhZDByK091OWIrYXlxTE43aDR0K0xlWXlxVWRPSTc2Nlh3b0NrbkdLc2MKSysraVQzYWdDMERHYlZpSUZDTmVkVjhvQVNFeUN2MVpXNVpDc0ZLbkI1d244STFmWHQ0U29LejdTNktEc3RZNQpRdnZKY0dzZGNlTTFtVHRLTHJ5ZmNZMWh6ZnNpcXc4dUdpLzlwZ0hQY3AwVnFqamFBRytmTzZNa2ltR3Zhd3psCllRbDU4M0s5NTkvNEEvbEN1QWowd1VZUXhIYWZ0OHZKMzF2aUFyVmtmcmlzdkc4bjdqcFJJaG9RL0hFZ0QvQ04KSE1MSzhVMjJlWms0SVZienZ4Q0JwRUx5WEg5SGVWR0hTWG9iaVh4ais3Vjdla1pLSjc1VTRmVU9kcHlSRjhyRApmZXNYS2hXbjdJYTdBM2YyWUZTcEZtNW1sUlduSUszTjNIOW9RUXhjVWdaSzVJdzNnVCtxbzZIMG9oaUYybzJSClovR0pMckFnd2ZNL0xsQTl3b3pUMUpsMnp6UjRqVTczNXVWelFmeHJjQUl4eHQ2TVQzN1Z4elZyRDdESkRwQXUKcHVxQ3JmOW56a1pDSy94U0JacnhzQT09Ci0tLS0tRU5EIENFUlRJRklDQVRFLS0tLS0K"
              }
            ],
            "master_authorized_networks_config": [],
            "master_version": "1.24.8-gke.2000",
            "mesh_certificates": [],
            "min_master_version": null,
            "monitoring_config": [
              {
                "enable_components": [
                  "SYSTEM_COMPONENTS"
                ],
                "managed_prometheus": []
              }
            ],
            "monitoring_service": "monitoring.googleapis.com/kubernetes",
            "name": "kii5tu3p-dc1",
            "network": "projects/hc-c289705627db4b348aa05ca79ad/global/networks/default",
            "network_policy": [
              {
                "enabled": false,
                "provider": "PROVIDER_UNSPECIFIED"
              }
            ],
            "networking_mode": "ROUTES",
            "node_config": [
              {
                "boot_disk_kms_key": "",
                "disk_size_gb": 100,
                "disk_type": "pd-balanced",
                "gcfs_config": [],
                "guest_accelerator": [],
                "gvnic": [],
                "image_type": "COS_CONTAINERD",
                "kubelet_config": [],
                "labels": {},
                "linux_node_config": [],
                "local_ssd_count": 0,
                "logging_variant": "DEFAULT",
                "machine_type": "e2-medium",
                "metadata": {
                  "disable-legacy-endpoints": "true"
                },
                "min_cpu_platform": "",
                "node_group": "",
                "oauth_scopes": [
                  "https://www.googleapis.com/auth/devstorage.read_only",
                  "https://www.googleapis.com/auth/logging.write",
                  "https://www.googleapis.com/auth/monitoring",
                  "https://www.googleapis.com/auth/service.management.readonly",
                  "https://www.googleapis.com/auth/servicecontrol",
                  "https://www.googleapis.com/auth/trace.append"
                ],
                "preemptible": false,
                "reservation_affinity": [],
                "resource_labels": {},
                "service_account": "default",
                "shielded_instance_config": [
                  {
                    "enable_integrity_monitoring": true,
                    "enable_secure_boot": false
                  }
                ],
                "spot": false,
                "tags": [],
                "taint": [],
                "workload_metadata_config": []
              }
            ],
            "node_locations": [],
            "node_pool": [
              {
                "autoscaling": [],
                "initial_node_count": 3,
                "instance_group_urls": [
                  "https://www.googleapis.com/compute/v1/projects/hc-c289705627db4b348aa05ca79ad/zones/us-central1-a/instanceGroupManagers/gke-kii5tu3p-dc1-default-pool-94876e75-grp"
                ],
                "managed_instance_group_urls": [
                  "https://www.googleapis.com/compute/v1/projects/hc-c289705627db4b348aa05ca79ad/zones/us-central1-a/instanceGroups/gke-kii5tu3p-dc1-default-pool-94876e75-grp"
                ],
                "management": [
                  {
                    "auto_repair": true,
                    "auto_upgrade": true
                  }
                ],
                "max_pods_per_node": 0,
                "name": "default-pool",
                "name_prefix": "",
                "network_config": [
                  {
                    "create_pod_range": false,
                    "enable_private_nodes": false,
                    "pod_ipv4_cidr_block": "",
                    "pod_range": ""
                  }
                ],
                "node_config": [
                  {
                    "boot_disk_kms_key": "",
                    "disk_size_gb": 100,
                    "disk_type": "pd-balanced",
                    "gcfs_config": [],
                    "guest_accelerator": [],
                    "gvnic": [],
                    "image_type": "COS_CONTAINERD",
                    "kubelet_config": [],
                    "labels": {},
                    "linux_node_config": [],
                    "local_ssd_count": 0,
                    "logging_variant": "DEFAULT",
                    "machine_type": "e2-medium",
                    "metadata": {
                      "disable-legacy-endpoints": "true"
                    },
                    "min_cpu_platform": "",
                    "node_group": "",
                    "oauth_scopes": [
                      "https://www.googleapis.com/auth/devstorage.read_only",
                      "https://www.googleapis.com/auth/logging.write",
                      "https://www.googleapis.com/auth/monitoring",
                      "https://www.googleapis.com/auth/service.management.readonly",
                      "https://www.googleapis.com/auth/servicecontrol",
                      "https://www.googleapis.com/auth/trace.append"
                    ],
                    "preemptible": false,
                    "reservation_affinity": [],
                    "resource_labels": {},
                    "service_account": "default",
                    "shielded_instance_config": [
                      {
                        "enable_integrity_monitoring": true,
                        "enable_secure_boot": false
                      }
                    ],
                    "spot": false,
                    "tags": [],
                    "taint": [],
                    "workload_metadata_config": []
                  }
                ],
                "node_count": 3,
                "node_locations": [
                  "us-central1-a"
                ],
                "placement_policy": [],
                "upgrade_settings": [
                  {
                    "blue_green_settings": [],
                    "max_surge": 1,
                    "max_unavailable": 0,
                    "strategy": "SURGE"
                  }
                ],
                "version": "1.24.8-gke.2000"
              }
            ],
            "node_pool_defaults": [
              {
                "node_config_defaults": [
                  {
                    "logging_variant": "DEFAULT"
                  }
                ]
              }
            ],
            "node_version": "1.24.8-gke.2000",
            "notification_config": [
              {
                "pubsub": [
                  {
                    "enabled": false,
                    "filter": [],
                    "topic": ""
                  }
                ]
              }
            ],
            "operation": null,
            "private_cluster_config": [
              {
                "enable_private_endpoint": false,
                "enable_private_nodes": false,
                "master_global_access_config": [
                  {
                    "enabled": false
                  }
                ],
                "master_ipv4_cidr_block": "",
                "peering_name": "",
                "private_endpoint": "10.128.0.2",
                "private_endpoint_subnetwork": "",
                "public_endpoint": "34.122.210.103"
              }
            ],
            "private_ipv6_google_access": "",
            "project": "hc-c289705627db4b348aa05ca79ad",
            "release_channel": [
              {
                "channel": "REGULAR"
              }
            ],
            "remove_default_node_pool": null,
            "resource_labels": null,
            "resource_usage_export_config": [],
            "self_link": "https://container.googleapis.com/v1/projects/hc-c289705627db4b348aa05ca79ad/zones/us-central1-a/clusters/kii5tu3p-dc1",
            "service_external_ips_config": [
              {
                "enabled": false
              }
            ],
            "services_ipv4_cidr": "10.3.240.0/20",
            "subnetwork": "projects/hc-c289705627db4b348aa05ca79ad/regions/us-central1/subnetworks/default",
            "timeouts": null,
            "tpu_ipv4_cidr_block": "",
            "vertical_pod_autoscaling": [],
            "workload_identity_config": []
          },
          "sensitive_attributes": [],
          "private": "eyJlMmJmYjczMC1lY2FhLTExZTYtOGY4OC0zNDM2M2JjN2M0YzAiOnsiY3JlYXRlIjoyNDAwMDAwMDAwMDAwLCJkZWxldGUiOjI0MDAwMDAwMDAwMDAsInJlYWQiOjI0MDAwMDAwMDAwMDAsInVwZGF0ZSI6MzYwMDAwMDAwMDAwMH0sInNjaGVtYV92ZXJzaW9uIjoiMSJ9",
          "dependencies": [
            "google_project_service.svc",
            "random_string.suffix"
          ]
        }
      ]
    },
    {
      "mode": "managed",
      "type": "google_project_service",
      "name": "svc",
      "provider": "provider[\"registry.terraform.io/hashicorp/google\"]",
      "instances": [
        {
          "index_key": "container",
          "schema_version": 0,
          "attributes": {
            "disable_dependent_services": true,
            "disable_on_destroy": true,
            "id": "hc-c289705627db4b348aa05ca79ad/container.googleapis.com",
            "project": "hc-c289705627db4b348aa05ca79ad",
            "service": "container.googleapis.com",
            "timeouts": null
          },
          "sensitive_attributes": [],
          "private": "eyJlMmJmYjczMC1lY2FhLTExZTYtOGY4OC0zNDM2M2JjN2M0YzAiOnsiY3JlYXRlIjoxMjAwMDAwMDAwMDAwLCJkZWxldGUiOjEyMDAwMDAwMDAwMDAsInJlYWQiOjYwMDAwMDAwMDAwMCwidXBkYXRlIjoxMjAwMDAwMDAwMDAwfX0="
        }
      ]
    },
    {
      "mode": "managed",
      "type": "random_string",
      "name": "suffix",
      "provider": "provider[\"registry.terraform.io/hashicorp/random\"]",
      "instances": [
        {
          "schema_version": 2,
          "attributes": {
            "id": "kii5tu3p",
            "keepers": null,
            "length": 8,
            "lower": true,
            "min_lower": 0,
            "min_numeric": 0,
            "min_special": 0,
            "min_upper": 0,
            "number": true,
            "numeric": true,
            "override_special": null,
            "result": "kii5tu3p",
            "special": false,
            "upper": false
          },
          "sensitive_attributes": []
        }
      ]
    }
  ],
  "check_results": null
}
